// !$*UTF8*$!
{
	archiveVersion = 1;
	classes = {
	};
	objectVersion = 46;
	objects = {

/* Begin PBXBuildFile section */
		C21483691DA9CCB3005ED687 /* DraftViewController.swift in Sources */ = {isa = PBXBuildFile; fileRef = C21483671DA9CCB3005ED687 /* DraftViewController.swift */; };
		C214836A1DA9CCB3005ED687 /* DraftViewController.xib in Resources */ = {isa = PBXBuildFile; fileRef = C21483681DA9CCB3005ED687 /* DraftViewController.xib */; };
		C214836E1DA9D001005ED687 /* DraftTableViewCell.swift in Sources */ = {isa = PBXBuildFile; fileRef = C214836C1DA9D001005ED687 /* DraftTableViewCell.swift */; };
		C214836F1DA9D001005ED687 /* DraftTableViewCell.xib in Resources */ = {isa = PBXBuildFile; fileRef = C214836D1DA9D001005ED687 /* DraftTableViewCell.xib */; };
		C22CF64D1D8DD71B00008CBB /* Colors.swift in Sources */ = {isa = PBXBuildFile; fileRef = C22CF64C1D8DD71B00008CBB /* Colors.swift */; };
		C22CF6511D8DF07F00008CBB /* UserTableViewCell.swift in Sources */ = {isa = PBXBuildFile; fileRef = C22CF6501D8DF07F00008CBB /* UserTableViewCell.swift */; };
		C2370B851DAB159D00BD4F2B /* UINavigationControllerExtension.swift in Sources */ = {isa = PBXBuildFile; fileRef = C2370B841DAB159D00BD4F2B /* UINavigationControllerExtension.swift */; };
		C26DB5381D7BF66800BF5EFF /* AppDelegate.swift in Sources */ = {isa = PBXBuildFile; fileRef = C26DB5371D7BF66800BF5EFF /* AppDelegate.swift */; };
		C26DB53D1D7BF66800BF5EFF /* Main.storyboard in Resources */ = {isa = PBXBuildFile; fileRef = C26DB53B1D7BF66800BF5EFF /* Main.storyboard */; };
		C26DB53F1D7BF66800BF5EFF /* Assets.xcassets in Resources */ = {isa = PBXBuildFile; fileRef = C26DB53E1D7BF66800BF5EFF /* Assets.xcassets */; };
		C26DB5421D7BF66800BF5EFF /* LaunchScreen.storyboard in Resources */ = {isa = PBXBuildFile; fileRef = C26DB5401D7BF66800BF5EFF /* LaunchScreen.storyboard */; };
		C26DB54D1D7BF67A00BF5EFF /* Teams.swift in Sources */ = {isa = PBXBuildFile; fileRef = C26DB54A1D7BF67A00BF5EFF /* Teams.swift */; };
		C26DB54E1D7BF67A00BF5EFF /* Team.swift in Sources */ = {isa = PBXBuildFile; fileRef = C26DB54B1D7BF67A00BF5EFF /* Team.swift */; };
		C274E8511DC5AEFF0050AC0F /* UNUserNotificationCenterExtension.swift in Sources */ = {isa = PBXBuildFile; fileRef = C274E8501DC5AEFF0050AC0F /* UNUserNotificationCenterExtension.swift */; };
		C2784BC21D950D5600C6DA1F /* User.swift in Sources */ = {isa = PBXBuildFile; fileRef = C2784BC11D950D5600C6DA1F /* User.swift */; };
		C2784BCF1D9642F300C6DA1F /* LoginViewController.swift in Sources */ = {isa = PBXBuildFile; fileRef = C2784BCD1D9642F300C6DA1F /* LoginViewController.swift */; };
		C2784BD01D9642F300C6DA1F /* LoginViewController.xib in Resources */ = {isa = PBXBuildFile; fileRef = C2784BCE1D9642F300C6DA1F /* LoginViewController.xib */; };
		C2784BD21D9662F000C6DA1F /* AlertExtension.swift in Sources */ = {isa = PBXBuildFile; fileRef = C2784BD11D9662F000C6DA1F /* AlertExtension.swift */; };
		C2A343B21D7BF7840062D5FF /* PoolsViewController.swift in Sources */ = {isa = PBXBuildFile; fileRef = C2A343B11D7BF7840062D5FF /* PoolsViewController.swift */; };
		C2A343B61D7BF81E0062D5FF /* Pool.swift in Sources */ = {isa = PBXBuildFile; fileRef = C2A343B51D7BF81E0062D5FF /* Pool.swift */; };
		C2A343B81D7C01220062D5FF /* UsersViewController.swift in Sources */ = {isa = PBXBuildFile; fileRef = C2A343B71D7C01220062D5FF /* UsersViewController.swift */; };
		C2A343BA1D7C05F40062D5FF /* CreateViewController.swift in Sources */ = {isa = PBXBuildFile; fileRef = C2A343B91D7C05F40062D5FF /* CreateViewController.swift */; };
		C2A771EA1D83F88400B2DC13 /* Pools.swift in Sources */ = {isa = PBXBuildFile; fileRef = C2A771E91D83F88400B2DC13 /* Pools.swift */; };
		C2A771F21D84E4CB00B2DC13 /* Backend.swift in Sources */ = {isa = PBXBuildFile; fileRef = C2A771F11D84E4CB00B2DC13 /* Backend.swift */; };
		C2A771F41D85052500B2DC13 /* PoolTableViewCell.swift in Sources */ = {isa = PBXBuildFile; fileRef = C2A771F31D85052500B2DC13 /* PoolTableViewCell.swift */; };
		C2A808331DA04C4200C02C15 /* DictionaryBase.swift in Sources */ = {isa = PBXBuildFile; fileRef = C2A808321DA04C4200C02C15 /* DictionaryBase.swift */; };
		C2A808351DA05C0800C02C15 /* StoredDictionaries.swift in Sources */ = {isa = PBXBuildFile; fileRef = C2A808341DA05C0800C02C15 /* StoredDictionaries.swift */; };
		C2A808371DA069AE00C02C15 /* Draft.swift in Sources */ = {isa = PBXBuildFile; fileRef = C2A808361DA069AE00C02C15 /* Draft.swift */; };
		C2EF2C131DAB180E00EA63B6 /* PickViewController.swift in Sources */ = {isa = PBXBuildFile; fileRef = C2EF2C111DAB180E00EA63B6 /* PickViewController.swift */; };
		C2EF2C141DAB180E00EA63B6 /* PickViewController.xib in Resources */ = {isa = PBXBuildFile; fileRef = C2EF2C121DAB180E00EA63B6 /* PickViewController.xib */; };
		C2EF2C161DAB1A5E00EA63B6 /* UIViewExtension.swift in Sources */ = {isa = PBXBuildFile; fileRef = C2EF2C151DAB1A5E00EA63B6 /* UIViewExtension.swift */; };
		C2EF2CB51DB0B2EA00EA63B6 /* TeamsViewController.swift in Sources */ = {isa = PBXBuildFile; fileRef = C2EF2CB41DB0B2EA00EA63B6 /* TeamsViewController.swift */; };
		C2EF2CBA1DB0B9F000EA63B6 /* TeamViewController.swift in Sources */ = {isa = PBXBuildFile; fileRef = C2EF2CB81DB0B9F000EA63B6 /* TeamViewController.swift */; };
		C2EF2CBB1DB0B9F000EA63B6 /* TeamViewController.xib in Resources */ = {isa = PBXBuildFile; fileRef = C2EF2CB91DB0B9F000EA63B6 /* TeamViewController.xib */; };
/* End PBXBuildFile section */

/* Begin PBXFileReference section */
		C21483671DA9CCB3005ED687 /* DraftViewController.swift */ = {isa = PBXFileReference; fileEncoding = 4; lastKnownFileType = sourcecode.swift; path = DraftViewController.swift; sourceTree = "<group>"; };
		C21483681DA9CCB3005ED687 /* DraftViewController.xib */ = {isa = PBXFileReference; fileEncoding = 4; lastKnownFileType = file.xib; path = DraftViewController.xib; sourceTree = "<group>"; };
		C214836C1DA9D001005ED687 /* DraftTableViewCell.swift */ = {isa = PBXFileReference; fileEncoding = 4; lastKnownFileType = sourcecode.swift; path = DraftTableViewCell.swift; sourceTree = "<group>"; };
		C214836D1DA9D001005ED687 /* DraftTableViewCell.xib */ = {isa = PBXFileReference; fileEncoding = 4; lastKnownFileType = file.xib; path = DraftTableViewCell.xib; sourceTree = "<group>"; };
		C22CF64C1D8DD71B00008CBB /* Colors.swift */ = {isa = PBXFileReference; fileEncoding = 4; lastKnownFileType = sourcecode.swift; path = Colors.swift; sourceTree = "<group>"; };
		C22CF6501D8DF07F00008CBB /* UserTableViewCell.swift */ = {isa = PBXFileReference; fileEncoding = 4; lastKnownFileType = sourcecode.swift; path = UserTableViewCell.swift; sourceTree = "<group>"; };
		C2370B841DAB159D00BD4F2B /* UINavigationControllerExtension.swift */ = {isa = PBXFileReference; fileEncoding = 4; lastKnownFileType = sourcecode.swift; path = UINavigationControllerExtension.swift; sourceTree = "<group>"; };
		C26DB5341D7BF66800BF5EFF /* NBA Wins Pool, Inc..app */ = {isa = PBXFileReference; explicitFileType = wrapper.application; includeInIndex = 0; path = "NBA Wins Pool, Inc..app"; sourceTree = BUILT_PRODUCTS_DIR; };
		C26DB5371D7BF66800BF5EFF /* AppDelegate.swift */ = {isa = PBXFileReference; lastKnownFileType = sourcecode.swift; path = AppDelegate.swift; sourceTree = "<group>"; };
		C26DB53C1D7BF66800BF5EFF /* Base */ = {isa = PBXFileReference; lastKnownFileType = file.storyboard; name = Base; path = Base.lproj/Main.storyboard; sourceTree = "<group>"; };
		C26DB53E1D7BF66800BF5EFF /* Assets.xcassets */ = {isa = PBXFileReference; lastKnownFileType = folder.assetcatalog; path = Assets.xcassets; sourceTree = "<group>"; };
		C26DB5411D7BF66800BF5EFF /* Base */ = {isa = PBXFileReference; lastKnownFileType = file.storyboard; name = Base; path = Base.lproj/LaunchScreen.storyboard; sourceTree = "<group>"; };
		C26DB5431D7BF66800BF5EFF /* Info.plist */ = {isa = PBXFileReference; lastKnownFileType = text.plist.xml; path = Info.plist; sourceTree = "<group>"; };
		C26DB54A1D7BF67A00BF5EFF /* Teams.swift */ = {isa = PBXFileReference; fileEncoding = 4; lastKnownFileType = sourcecode.swift; path = Teams.swift; sourceTree = "<group>"; };
		C26DB54B1D7BF67A00BF5EFF /* Team.swift */ = {isa = PBXFileReference; fileEncoding = 4; lastKnownFileType = sourcecode.swift; path = Team.swift; sourceTree = "<group>"; };
		C274E8501DC5AEFF0050AC0F /* UNUserNotificationCenterExtension.swift */ = {isa = PBXFileReference; fileEncoding = 4; lastKnownFileType = sourcecode.swift; path = UNUserNotificationCenterExtension.swift; sourceTree = "<group>"; };
		C2784BC11D950D5600C6DA1F /* User.swift */ = {isa = PBXFileReference; fileEncoding = 4; lastKnownFileType = sourcecode.swift; path = User.swift; sourceTree = "<group>"; };
		C2784BCD1D9642F300C6DA1F /* LoginViewController.swift */ = {isa = PBXFileReference; fileEncoding = 4; lastKnownFileType = sourcecode.swift; path = LoginViewController.swift; sourceTree = "<group>"; };
		C2784BCE1D9642F300C6DA1F /* LoginViewController.xib */ = {isa = PBXFileReference; fileEncoding = 4; lastKnownFileType = file.xib; path = LoginViewController.xib; sourceTree = "<group>"; };
		C2784BD11D9662F000C6DA1F /* AlertExtension.swift */ = {isa = PBXFileReference; fileEncoding = 4; lastKnownFileType = sourcecode.swift; path = AlertExtension.swift; sourceTree = "<group>"; };
		C2A343B11D7BF7840062D5FF /* PoolsViewController.swift */ = {isa = PBXFileReference; fileEncoding = 4; lastKnownFileType = sourcecode.swift; path = PoolsViewController.swift; sourceTree = "<group>"; };
		C2A343B51D7BF81E0062D5FF /* Pool.swift */ = {isa = PBXFileReference; fileEncoding = 4; lastKnownFileType = sourcecode.swift; path = Pool.swift; sourceTree = "<group>"; };
		C2A343B71D7C01220062D5FF /* UsersViewController.swift */ = {isa = PBXFileReference; fileEncoding = 4; lastKnownFileType = sourcecode.swift; path = UsersViewController.swift; sourceTree = "<group>"; };
		C2A343B91D7C05F40062D5FF /* CreateViewController.swift */ = {isa = PBXFileReference; fileEncoding = 4; lastKnownFileType = sourcecode.swift; path = CreateViewController.swift; sourceTree = "<group>"; };
		C2A771E91D83F88400B2DC13 /* Pools.swift */ = {isa = PBXFileReference; fileEncoding = 4; lastKnownFileType = sourcecode.swift; path = Pools.swift; sourceTree = "<group>"; };
		C2A771F11D84E4CB00B2DC13 /* Backend.swift */ = {isa = PBXFileReference; fileEncoding = 4; lastKnownFileType = sourcecode.swift; path = Backend.swift; sourceTree = "<group>"; };
		C2A771F31D85052500B2DC13 /* PoolTableViewCell.swift */ = {isa = PBXFileReference; fileEncoding = 4; lastKnownFileType = sourcecode.swift; path = PoolTableViewCell.swift; sourceTree = "<group>"; };
		C2A808321DA04C4200C02C15 /* DictionaryBase.swift */ = {isa = PBXFileReference; fileEncoding = 4; lastKnownFileType = sourcecode.swift; path = DictionaryBase.swift; sourceTree = "<group>"; };
		C2A808341DA05C0800C02C15 /* StoredDictionaries.swift */ = {isa = PBXFileReference; fileEncoding = 4; lastKnownFileType = sourcecode.swift; path = StoredDictionaries.swift; sourceTree = "<group>"; };
		C2A808361DA069AE00C02C15 /* Draft.swift */ = {isa = PBXFileReference; fileEncoding = 4; lastKnownFileType = sourcecode.swift; path = Draft.swift; sourceTree = "<group>"; };
		C2EF2C111DAB180E00EA63B6 /* PickViewController.swift */ = {isa = PBXFileReference; fileEncoding = 4; lastKnownFileType = sourcecode.swift; path = PickViewController.swift; sourceTree = "<group>"; };
		C2EF2C121DAB180E00EA63B6 /* PickViewController.xib */ = {isa = PBXFileReference; fileEncoding = 4; lastKnownFileType = file.xib; path = PickViewController.xib; sourceTree = "<group>"; };
		C2EF2C151DAB1A5E00EA63B6 /* UIViewExtension.swift */ = {isa = PBXFileReference; fileEncoding = 4; lastKnownFileType = sourcecode.swift; path = UIViewExtension.swift; sourceTree = "<group>"; };
		C2EF2CB41DB0B2EA00EA63B6 /* TeamsViewController.swift */ = {isa = PBXFileReference; fileEncoding = 4; lastKnownFileType = sourcecode.swift; path = TeamsViewController.swift; sourceTree = "<group>"; };
		C2EF2CB81DB0B9F000EA63B6 /* TeamViewController.swift */ = {isa = PBXFileReference; fileEncoding = 4; lastKnownFileType = sourcecode.swift; path = TeamViewController.swift; sourceTree = "<group>"; };
		C2EF2CB91DB0B9F000EA63B6 /* TeamViewController.xib */ = {isa = PBXFileReference; fileEncoding = 4; lastKnownFileType = file.xib; path = TeamViewController.xib; sourceTree = "<group>"; };
/* End PBXFileReference section */

/* Begin PBXFrameworksBuildPhase section */
		C26DB5311D7BF66800BF5EFF /* Frameworks */ = {
			isa = PBXFrameworksBuildPhase;
			buildActionMask = 2147483647;
			files = (
			);
			runOnlyForDeploymentPostprocessing = 0;
		};
/* End PBXFrameworksBuildPhase section */

/* Begin PBXGroup section */
		C214836B1DA9CF98005ED687 /* Draft */ = {
			isa = PBXGroup;
			children = (
				C21483671DA9CCB3005ED687 /* DraftViewController.swift */,
				C21483681DA9CCB3005ED687 /* DraftViewController.xib */,
				C214836C1DA9D001005ED687 /* DraftTableViewCell.swift */,
				C214836D1DA9D001005ED687 /* DraftTableViewCell.xib */,
				C2EF2C111DAB180E00EA63B6 /* PickViewController.swift */,
				C2EF2C121DAB180E00EA63B6 /* PickViewController.xib */,
			);
			name = Draft;
			sourceTree = "<group>";
		};
		C22CF64E1D8DF04F00008CBB /* Pools */ = {
			isa = PBXGroup;
			children = (
				C2A771E91D83F88400B2DC13 /* Pools.swift */,
				C2A343B51D7BF81E0062D5FF /* Pool.swift */,
				C2A808361DA069AE00C02C15 /* Draft.swift */,
				C2A771F31D85052500B2DC13 /* PoolTableViewCell.swift */,
				C2A343B11D7BF7840062D5FF /* PoolsViewController.swift */,
				C2A343B91D7C05F40062D5FF /* CreateViewController.swift */,
			);
			name = Pools;
			sourceTree = "<group>";
		};
		C22CF64F1D8DF06600008CBB /* Users */ = {
			isa = PBXGroup;
			children = (
				C2784BC11D950D5600C6DA1F /* User.swift */,
				C2A343B71D7C01220062D5FF /* UsersViewController.swift */,
				C22CF6501D8DF07F00008CBB /* UserTableViewCell.swift */,
			);
			name = Users;
			sourceTree = "<group>";
		};
		C26DB52B1D7BF66800BF5EFF = {
			isa = PBXGroup;
			children = (
				C26DB5361D7BF66800BF5EFF /* NBA Wins Pool, Inc. */,
				C26DB5351D7BF66800BF5EFF /* Products */,
			);
			sourceTree = "<group>";
		};
		C26DB5351D7BF66800BF5EFF /* Products */ = {
			isa = PBXGroup;
			children = (
				C26DB5341D7BF66800BF5EFF /* NBA Wins Pool, Inc..app */,
			);
			name = Products;
			sourceTree = "<group>";
		};
		C26DB5361D7BF66800BF5EFF /* NBA Wins Pool, Inc. */ = {
			isa = PBXGroup;
			children = (
				C26DB5371D7BF66800BF5EFF /* AppDelegate.swift */,
				C22CF64E1D8DF04F00008CBB /* Pools */,
				C22CF64F1D8DF06600008CBB /* Users */,
				C214836B1DA9CF98005ED687 /* Draft */,
				C2EF2CB31DB0AEF300EA63B6 /* Teams */,
				C2A771F11D84E4CB00B2DC13 /* Backend.swift */,
				C2A808341DA05C0800C02C15 /* StoredDictionaries.swift */,
				C2A808321DA04C4200C02C15 /* DictionaryBase.swift */,
				C22CF64C1D8DD71B00008CBB /* Colors.swift */,
				C2784BCD1D9642F300C6DA1F /* LoginViewController.swift */,
				C2784BCE1D9642F300C6DA1F /* LoginViewController.xib */,
				C2784BD11D9662F000C6DA1F /* AlertExtension.swift */,
				C2370B841DAB159D00BD4F2B /* UINavigationControllerExtension.swift */,
				C2EF2C151DAB1A5E00EA63B6 /* UIViewExtension.swift */,
				C274E8501DC5AEFF0050AC0F /* UNUserNotificationCenterExtension.swift */,
				C26DB53B1D7BF66800BF5EFF /* Main.storyboard */,
				C26DB53E1D7BF66800BF5EFF /* Assets.xcassets */,
				C26DB5401D7BF66800BF5EFF /* LaunchScreen.storyboard */,
				C26DB5431D7BF66800BF5EFF /* Info.plist */,
			);
			path = "NBA Wins Pool, Inc.";
			sourceTree = "<group>";
		};
		C2EF2CB31DB0AEF300EA63B6 /* Teams */ = {
			isa = PBXGroup;
			children = (
				C26DB54A1D7BF67A00BF5EFF /* Teams.swift */,
				C26DB54B1D7BF67A00BF5EFF /* Team.swift */,
				C2EF2CB41DB0B2EA00EA63B6 /* TeamsViewController.swift */,
				C2EF2CB81DB0B9F000EA63B6 /* TeamViewController.swift */,
				C2EF2CB91DB0B9F000EA63B6 /* TeamViewController.xib */,
			);
			name = Teams;
			sourceTree = "<group>";
		};
/* End PBXGroup section */

/* Begin PBXNativeTarget section */
		C26DB5331D7BF66800BF5EFF /* NBA Wins Pool, Inc. */ = {
			isa = PBXNativeTarget;
			buildConfigurationList = C26DB5461D7BF66800BF5EFF /* Build configuration list for PBXNativeTarget "NBA Wins Pool, Inc." */;
			buildPhases = (
				C26DB5301D7BF66800BF5EFF /* Sources */,
				C26DB5311D7BF66800BF5EFF /* Frameworks */,
				C26DB5321D7BF66800BF5EFF /* Resources */,
			);
			buildRules = (
			);
			dependencies = (
			);
			name = "NBA Wins Pool, Inc.";
			productName = "NBA Wins Pool, Inc.";
			productReference = C26DB5341D7BF66800BF5EFF /* NBA Wins Pool, Inc..app */;
			productType = "com.apple.product-type.application";
		};
/* End PBXNativeTarget section */

/* Begin PBXProject section */
		C26DB52C1D7BF66800BF5EFF /* Project object */ = {
			isa = PBXProject;
			attributes = {
				LastSwiftUpdateCheck = 0800;
				LastUpgradeCheck = 1000;
				ORGANIZATIONNAME = "NBA Wins Pool, Inc.";
				TargetAttributes = {
					C26DB5331D7BF66800BF5EFF = {
						CreatedOnToolsVersion = 8.0;
						DevelopmentTeam = PB64TVTV9M;
						LastSwiftMigration = 0900;
						ProvisioningStyle = Automatic;
						SystemCapabilities = {
							com.apple.BackgroundModes = {
								enabled = 1;
							};
							com.apple.Push = {
								enabled = 0;
							};
						};
					};
				};
			};
			buildConfigurationList = C26DB52F1D7BF66800BF5EFF /* Build configuration list for PBXProject "NBA Wins Pool, Inc." */;
			compatibilityVersion = "Xcode 3.2";
			developmentRegion = English;
			hasScannedForEncodings = 0;
			knownRegions = (
				en,
				Base,
			);
			mainGroup = C26DB52B1D7BF66800BF5EFF;
			productRefGroup = C26DB5351D7BF66800BF5EFF /* Products */;
			projectDirPath = "";
			projectRoot = "";
			targets = (
				C26DB5331D7BF66800BF5EFF /* NBA Wins Pool, Inc. */,
			);
		};
/* End PBXProject section */

/* Begin PBXResourcesBuildPhase section */
		C26DB5321D7BF66800BF5EFF /* Resources */ = {
			isa = PBXResourcesBuildPhase;
			buildActionMask = 2147483647;
			files = (
				C2784BD01D9642F300C6DA1F /* LoginViewController.xib in Resources */,
				C214836F1DA9D001005ED687 /* DraftTableViewCell.xib in Resources */,
				C26DB5421D7BF66800BF5EFF /* LaunchScreen.storyboard in Resources */,
				C26DB53F1D7BF66800BF5EFF /* Assets.xcassets in Resources */,
				C2EF2C141DAB180E00EA63B6 /* PickViewController.xib in Resources */,
				C2EF2CBB1DB0B9F000EA63B6 /* TeamViewController.xib in Resources */,
				C214836A1DA9CCB3005ED687 /* DraftViewController.xib in Resources */,
				C26DB53D1D7BF66800BF5EFF /* Main.storyboard in Resources */,
			);
			runOnlyForDeploymentPostprocessing = 0;
		};
/* End PBXResourcesBuildPhase section */

/* Begin PBXSourcesBuildPhase section */
		C26DB5301D7BF66800BF5EFF /* Sources */ = {
			isa = PBXSourcesBuildPhase;
			buildActionMask = 2147483647;
			files = (
				C2A808331DA04C4200C02C15 /* DictionaryBase.swift in Sources */,
				C2A343BA1D7C05F40062D5FF /* CreateViewController.swift in Sources */,
				C22CF64D1D8DD71B00008CBB /* Colors.swift in Sources */,
				C214836E1DA9D001005ED687 /* DraftTableViewCell.swift in Sources */,
				C2A343B21D7BF7840062D5FF /* PoolsViewController.swift in Sources */,
				C2784BCF1D9642F300C6DA1F /* LoginViewController.swift in Sources */,
				C2A343B81D7C01220062D5FF /* UsersViewController.swift in Sources */,
				C2370B851DAB159D00BD4F2B /* UINavigationControllerExtension.swift in Sources */,
				C26DB5381D7BF66800BF5EFF /* AppDelegate.swift in Sources */,
				C21483691DA9CCB3005ED687 /* DraftViewController.swift in Sources */,
				C2A771F21D84E4CB00B2DC13 /* Backend.swift in Sources */,
				C2784BC21D950D5600C6DA1F /* User.swift in Sources */,
				C22CF6511D8DF07F00008CBB /* UserTableViewCell.swift in Sources */,
				C2EF2CB51DB0B2EA00EA63B6 /* TeamsViewController.swift in Sources */,
				C2EF2CBA1DB0B9F000EA63B6 /* TeamViewController.swift in Sources */,
				C2A771F41D85052500B2DC13 /* PoolTableViewCell.swift in Sources */,
				C2A808351DA05C0800C02C15 /* StoredDictionaries.swift in Sources */,
				C274E8511DC5AEFF0050AC0F /* UNUserNotificationCenterExtension.swift in Sources */,
				C2784BD21D9662F000C6DA1F /* AlertExtension.swift in Sources */,
				C2A343B61D7BF81E0062D5FF /* Pool.swift in Sources */,
				C2A771EA1D83F88400B2DC13 /* Pools.swift in Sources */,
				C2EF2C131DAB180E00EA63B6 /* PickViewController.swift in Sources */,
				C2EF2C161DAB1A5E00EA63B6 /* UIViewExtension.swift in Sources */,
				C2A808371DA069AE00C02C15 /* Draft.swift in Sources */,
				C26DB54E1D7BF67A00BF5EFF /* Team.swift in Sources */,
				C26DB54D1D7BF67A00BF5EFF /* Teams.swift in Sources */,
			);
			runOnlyForDeploymentPostprocessing = 0;
		};
/* End PBXSourcesBuildPhase section */

/* Begin PBXVariantGroup section */
		C26DB53B1D7BF66800BF5EFF /* Main.storyboard */ = {
			isa = PBXVariantGroup;
			children = (
				C26DB53C1D7BF66800BF5EFF /* Base */,
			);
			name = Main.storyboard;
			sourceTree = "<group>";
		};
		C26DB5401D7BF66800BF5EFF /* LaunchScreen.storyboard */ = {
			isa = PBXVariantGroup;
			children = (
				C26DB5411D7BF66800BF5EFF /* Base */,
			);
			name = LaunchScreen.storyboard;
			sourceTree = "<group>";
		};
/* End PBXVariantGroup section */

/* Begin XCBuildConfiguration section */
		C26DB5441D7BF66800BF5EFF /* Debug */ = {
			isa = XCBuildConfiguration;
			buildSettings = {
				ALWAYS_SEARCH_USER_PATHS = NO;
				CLANG_ANALYZER_NONNULL = YES;
				CLANG_CXX_LANGUAGE_STANDARD = "gnu++0x";
				CLANG_CXX_LIBRARY = "libc++";
				CLANG_ENABLE_MODULES = YES;
				CLANG_ENABLE_OBJC_ARC = YES;
				CLANG_WARN_BLOCK_CAPTURE_AUTORELEASING = YES;
				CLANG_WARN_BOOL_CONVERSION = YES;
				CLANG_WARN_COMMA = YES;
				CLANG_WARN_CONSTANT_CONVERSION = YES;
				CLANG_WARN_DEPRECATED_OBJC_IMPLEMENTATIONS = YES;
				CLANG_WARN_DIRECT_OBJC_ISA_USAGE = YES_ERROR;
				CLANG_WARN_DOCUMENTATION_COMMENTS = YES;
				CLANG_WARN_EMPTY_BODY = YES;
				CLANG_WARN_ENUM_CONVERSION = YES;
				CLANG_WARN_INFINITE_RECURSION = YES;
				CLANG_WARN_INT_CONVERSION = YES;
				CLANG_WARN_NON_LITERAL_NULL_CONVERSION = YES;
				CLANG_WARN_OBJC_IMPLICIT_RETAIN_SELF = YES;
				CLANG_WARN_OBJC_LITERAL_CONVERSION = YES;
				CLANG_WARN_OBJC_ROOT_CLASS = YES_ERROR;
				CLANG_WARN_RANGE_LOOP_ANALYSIS = YES;
				CLANG_WARN_STRICT_PROTOTYPES = YES;
				CLANG_WARN_SUSPICIOUS_MOVE = YES;
				CLANG_WARN_SUSPICIOUS_MOVES = YES;
				CLANG_WARN_UNREACHABLE_CODE = YES;
				CLANG_WARN__DUPLICATE_METHOD_MATCH = YES;
				"CODE_SIGN_IDENTITY[sdk=iphoneos*]" = "iPhone Developer";
				COPY_PHASE_STRIP = NO;
				DEBUG_INFORMATION_FORMAT = dwarf;
				ENABLE_STRICT_OBJC_MSGSEND = YES;
				ENABLE_TESTABILITY = YES;
				GCC_C_LANGUAGE_STANDARD = gnu99;
				GCC_DYNAMIC_NO_PIC = NO;
				GCC_NO_COMMON_BLOCKS = YES;
				GCC_OPTIMIZATION_LEVEL = 0;
				GCC_PREPROCESSOR_DEFINITIONS = (
					"DEBUG=1",
					"$(inherited)",
				);
				GCC_WARN_64_TO_32_BIT_CONVERSION = YES;
				GCC_WARN_ABOUT_RETURN_TYPE = YES_ERROR;
				GCC_WARN_UNDECLARED_SELECTOR = YES;
				GCC_WARN_UNINITIALIZED_AUTOS = YES_AGGRESSIVE;
				GCC_WARN_UNUSED_FUNCTION = YES;
				GCC_WARN_UNUSED_VARIABLE = YES;
				IPHONEOS_DEPLOYMENT_TARGET = 10.0;
				MTL_ENABLE_DEBUG_INFO = YES;
				ONLY_ACTIVE_ARCH = YES;
				SDKROOT = iphoneos;
				SWIFT_ACTIVE_COMPILATION_CONDITIONS = DEBUG;
				SWIFT_OPTIMIZATION_LEVEL = "-Onone";
				SWIFT_VERSION = 4.2;
				TARGETED_DEVICE_FAMILY = "1,2";
			};
			name = Debug;
		};
		C26DB5451D7BF66800BF5EFF /* Release */ = {
			isa = XCBuildConfiguration;
			buildSettings = {
				ALWAYS_SEARCH_USER_PATHS = NO;
				CLANG_ANALYZER_NONNULL = YES;
				CLANG_CXX_LANGUAGE_STANDARD = "gnu++0x";
				CLANG_CXX_LIBRARY = "libc++";
				CLANG_ENABLE_MODULES = YES;
				CLANG_ENABLE_OBJC_ARC = YES;
				CLANG_WARN_BLOCK_CAPTURE_AUTORELEASING = YES;
				CLANG_WARN_BOOL_CONVERSION = YES;
				CLANG_WARN_COMMA = YES;
				CLANG_WARN_CONSTANT_CONVERSION = YES;
				CLANG_WARN_DEPRECATED_OBJC_IMPLEMENTATIONS = YES;
				CLANG_WARN_DIRECT_OBJC_ISA_USAGE = YES_ERROR;
				CLANG_WARN_DOCUMENTATION_COMMENTS = YES;
				CLANG_WARN_EMPTY_BODY = YES;
				CLANG_WARN_ENUM_CONVERSION = YES;
				CLANG_WARN_INFINITE_RECURSION = YES;
				CLANG_WARN_INT_CONVERSION = YES;
				CLANG_WARN_NON_LITERAL_NULL_CONVERSION = YES;
				CLANG_WARN_OBJC_IMPLICIT_RETAIN_SELF = YES;
				CLANG_WARN_OBJC_LITERAL_CONVERSION = YES;
				CLANG_WARN_OBJC_ROOT_CLASS = YES_ERROR;
				CLANG_WARN_RANGE_LOOP_ANALYSIS = YES;
				CLANG_WARN_STRICT_PROTOTYPES = YES;
				CLANG_WARN_SUSPICIOUS_MOVE = YES;
				CLANG_WARN_SUSPICIOUS_MOVES = YES;
				CLANG_WARN_UNREACHABLE_CODE = YES;
				CLANG_WARN__DUPLICATE_METHOD_MATCH = YES;
				"CODE_SIGN_IDENTITY[sdk=iphoneos*]" = "iPhone Developer";
				COPY_PHASE_STRIP = NO;
				DEBUG_INFORMATION_FORMAT = "dwarf-with-dsym";
				ENABLE_NS_ASSERTIONS = NO;
				ENABLE_STRICT_OBJC_MSGSEND = YES;
				GCC_C_LANGUAGE_STANDARD = gnu99;
				GCC_NO_COMMON_BLOCKS = YES;
				GCC_WARN_64_TO_32_BIT_CONVERSION = YES;
				GCC_WARN_ABOUT_RETURN_TYPE = YES_ERROR;
				GCC_WARN_UNDECLARED_SELECTOR = YES;
				GCC_WARN_UNINITIALIZED_AUTOS = YES_AGGRESSIVE;
				GCC_WARN_UNUSED_FUNCTION = YES;
				GCC_WARN_UNUSED_VARIABLE = YES;
				IPHONEOS_DEPLOYMENT_TARGET = 10.0;
				MTL_ENABLE_DEBUG_INFO = NO;
				SDKROOT = iphoneos;
				SWIFT_OPTIMIZATION_LEVEL = "-Owholemodule";
				SWIFT_VERSION = 4.2;
				TARGETED_DEVICE_FAMILY = "1,2";
				VALIDATE_PRODUCT = YES;
			};
			name = Release;
		};
		C26DB5471D7BF66800BF5EFF /* Debug */ = {
			isa = XCBuildConfiguration;
			buildSettings = {
				ASSETCATALOG_COMPILER_APPICON_NAME = AppIcon;
				DEVELOPMENT_TEAM = PB64TVTV9M;
				INFOPLIST_FILE = "NBA Wins Pool, Inc./Info.plist";
				LD_RUNPATH_SEARCH_PATHS = "$(inherited) @executable_path/Frameworks";
				PRODUCT_BUNDLE_IDENTIFIER = com.johnbj.winspool;
				PRODUCT_NAME = "$(TARGET_NAME)";
				SWIFT_SWIFT3_OBJC_INFERENCE = On;
				SWIFT_VERSION = 4.2;
			};
			name = Debug;
		};
		C26DB5481D7BF66800BF5EFF /* Release */ = {
			isa = XCBuildConfiguration;
			buildSettings = {
				ASSETCATALOG_COMPILER_APPICON_NAME = AppIcon;
				DEVELOPMENT_TEAM = PB64TVTV9M;
				INFOPLIST_FILE = "NBA Wins Pool, Inc./Info.plist";
				LD_RUNPATH_SEARCH_PATHS = "$(inherited) @executable_path/Frameworks";
				PRODUCT_BUNDLE_IDENTIFIER = com.johnbj.winspool;
				PRODUCT_NAME = "$(TARGET_NAME)";
				SWIFT_SWIFT3_OBJC_INFERENCE = On;
				SWIFT_VERSION = 4.2;
			};
			name = Release;
		};
/* End XCBuildConfiguration section */

/* Begin XCConfigurationList section */
		C26DB52F1D7BF66800BF5EFF /* Build configuration list for PBXProject "NBA Wins Pool, Inc." */ = {
			isa = XCConfigurationList;
			buildConfigurations = (
				C26DB5441D7BF66800BF5EFF /* Debug */,
				C26DB5451D7BF66800BF5EFF /* Release */,
			);
			defaultConfigurationIsVisible = 0;
			defaultConfigurationName = Release;
		};
		C26DB5461D7BF66800BF5EFF /* Build configuration list for PBXNativeTarget "NBA Wins Pool, Inc." */ = {
			isa = XCConfigurationList;
			buildConfigurations = (
				C26DB5471D7BF66800BF5EFF /* Debug */,
				C26DB5481D7BF66800BF5EFF /* Release */,
			);
			defaultConfigurationIsVisible = 0;
			defaultConfigurationName = Release;
		};
/* End XCConfigurationList section */
	};
	rootObject = C26DB52C1D7BF66800BF5EFF /* Project object */;
}
